
Microsoft Visual Studio Solution File, Format Version 12.00
# Visual Studio Version 17
VisualStudioVersion = 17.9.34723.18
MinimumVisualStudioVersion = 10.0.40219.1
Project("{FAE04EC0-301F-11D3-BF4B-00C04F79EFBC}") = "ClassWork_14.05", "ClassWork_14.05\ClassWork_14.05.csproj", "{7BCA0392-76D0-4EDA-8A5E-6D9B2803D1A0}"
EndProject
Global
	GlobalSection(SolutionConfigurationPlatforms) = preSolution
		Debug|Any CPU = Debug|Any CPU
		Release|Any CPU = Release|Any CPU
	EndGlobalSection
	GlobalSection(ProjectConfigurationPlatforms) = postSolution
		{7BCA0392-76D0-4EDA-8A5E-6D9B2803D1A0}.Debug|Any CPU.ActiveCfg = Debug|Any CPU
		{7BCA0392-76D0-4EDA-8A5E-6D9B2803D1A0}.Debug|Any CPU.Build.0 = Debug|Any CPU
		{7BCA0392-76D0-4EDA-8A5E-6D9B2803D1A0}.Release|Any CPU.ActiveCfg = Release|Any CPU
		{7BCA0392-76D0-4EDA-8A5E-6D9B2803D1A0}.Release|Any CPU.Build.0 = Release|Any CPU
	EndGlobalSection
	GlobalSection(SolutionProperties) = preSolution
		HideSolutionNode = FALSE
	EndGlobalSection
	GlobalSection(ExtensibilityGlobals) = postSolution
		SolutionGuid = {9801751B-F9BD-45B8-8B90-B2A6A5D40B38}
	EndGlobalSection
EndGlobal
